// !$*UTF8*$!
{
	archiveVersion = 1;
	classes = {
	};
	objectVersion = 46;
	objects = {

/* Begin PBXBuildFile section */
		B51E2A4F1EDC79DD00AECCAE /* AppDelegate.swift in Sources */ = {isa = PBXBuildFile; fileRef = B51E2A4E1EDC79DD00AECCAE /* AppDelegate.swift */; };
		B51E2A511EDC79DD00AECCAE /* ViewController.swift in Sources */ = {isa = PBXBuildFile; fileRef = B51E2A501EDC79DD00AECCAE /* ViewController.swift */; };
		B51E2A541EDC79DD00AECCAE /* Main.storyboard in Resources */ = {isa = PBXBuildFile; fileRef = B51E2A521EDC79DD00AECCAE /* Main.storyboard */; };
		B51E2A561EDC79DD00AECCAE /* Assets.xcassets in Resources */ = {isa = PBXBuildFile; fileRef = B51E2A551EDC79DD00AECCAE /* Assets.xcassets */; };
		B51E2A591EDC79DD00AECCAE /* LaunchScreen.storyboard in Resources */ = {isa = PBXBuildFile; fileRef = B51E2A571EDC79DD00AECCAE /* LaunchScreen.storyboard */; };
		B51E2A641EDC79DD00AECCAE /* test4Tests.swift in Sources */ = {isa = PBXBuildFile; fileRef = B51E2A631EDC79DD00AECCAE /* test4Tests.swift */; };
		B51E2A6F1EDC79DE00AECCAE /* test4UITests.swift in Sources */ = {isa = PBXBuildFile; fileRef = B51E2A6E1EDC79DE00AECCAE /* test4UITests.swift */; };
/* End PBXBuildFile section */

/* Begin PBXContainerItemProxy section */
		B51E2A601EDC79DD00AECCAE /* PBXContainerItemProxy */ = {
			isa = PBXContainerItemProxy;
			containerPortal = B51E2A431EDC79DD00AECCAE /* Project object */;
			proxyType = 1;
			remoteGlobalIDString = B51E2A4A1EDC79DD00AECCAE;
			remoteInfo = test4;
		};
		B51E2A6B1EDC79DE00AECCAE /* PBXContainerItemProxy */ = {
			isa = PBXContainerItemProxy;
			containerPortal = B51E2A431EDC79DD00AECCAE /* Project object */;
			proxyType = 1;
			remoteGlobalIDString = B51E2A4A1EDC79DD00AECCAE;
			remoteInfo = test4;
		};
/* End PBXContainerItemProxy section */

/* Begin PBXFileReference section */
		B51E2A4B1EDC79DD00AECCAE /* test4.app */ = {isa = PBXFileReference; explicitFileType = wrapper.application; includeInIndex = 0; path = test4.app; sourceTree = BUILT_PRODUCTS_DIR; };
		B51E2A4E1EDC79DD00AECCAE /* AppDelegate.swift */ = {isa = PBXFileReference; lastKnownFileType = sourcecode.swift; path = AppDelegate.swift; sourceTree = "<group>"; };
		B51E2A501EDC79DD00AECCAE /* ViewController.swift */ = {isa = PBXFileReference; lastKnownFileType = sourcecode.swift; path = ViewController.swift; sourceTree = "<group>"; };
		B51E2A531EDC79DD00AECCAE /* Base */ = {isa = PBXFileReference; lastKnownFileType = file.storyboard; name = Base; path = Base.lproj/Main.storyboard; sourceTree = "<group>"; };
		B51E2A551EDC79DD00AECCAE /* Assets.xcassets */ = {isa = PBXFileReference; lastKnownFileType = folder.assetcatalog; path = Assets.xcassets; sourceTree = "<group>"; };
		B51E2A581EDC79DD00AECCAE /* Base */ = {isa = PBXFileReference; lastKnownFileType = file.storyboard; name = Base; path = Base.lproj/LaunchScreen.storyboard; sourceTree = "<group>"; };
		B51E2A5A1EDC79DD00AECCAE /* Info.plist */ = {isa = PBXFileReference; lastKnownFileType = text.plist.xml; path = Info.plist; sourceTree = "<group>"; };
		B51E2A5F1EDC79DD00AECCAE /* test4Tests.xctest */ = {isa = PBXFileReference; explicitFileType = wrapper.cfbundle; includeInIndex = 0; path = test4Tests.xctest; sourceTree = BUILT_PRODUCTS_DIR; };
		B51E2A631EDC79DD00AECCAE /* test4Tests.swift */ = {isa = PBXFileReference; lastKnownFileType = sourcecode.swift; path = test4Tests.swift; sourceTree = "<group>"; };
		B51E2A651EDC79DE00AECCAE /* Info.plist */ = {isa = PBXFileReference; lastKnownFileType = text.plist.xml; path = Info.plist; sourceTree = "<group>"; };
		B51E2A6A1EDC79DE00AECCAE /* test4UITests.xctest */ = {isa = PBXFileReference; explicitFileType = wrapper.cfbundle; includeInIndex = 0; path = test4UITests.xctest; sourceTree = BUILT_PRODUCTS_DIR; };
		B51E2A6E1EDC79DE00AECCAE /* test4UITests.swift */ = {isa = PBXFileReference; lastKnownFileType = sourcecode.swift; path = test4UITests.swift; sourceTree = "<group>"; };
		B51E2A701EDC79DE00AECCAE /* Info.plist */ = {isa = PBXFileReference; lastKnownFileType = text.plist.xml; path = Info.plist; sourceTree = "<group>"; };
/* End PBXFileReference section */

/* Begin PBXFrameworksBuildPhase section */
		B51E2A481EDC79DD00AECCAE /* Frameworks */ = {
			isa = PBXFrameworksBuildPhase;
			buildActionMask = 2147483647;
			files = (
			);
			runOnlyForDeploymentPostprocessing = 0;
		};
		B51E2A5C1EDC79DD00AECCAE /* Frameworks */ = {
			isa = PBXFrameworksBuildPhase;
			buildActionMask = 2147483647;
			files = (
			);
			runOnlyForDeploymentPostprocessing = 0;
		};
		B51E2A671EDC79DE00AECCAE /* Frameworks */ = {
			isa = PBXFrameworksBuildPhase;
			buildActionMask = 2147483647;
			files = (
			);
			runOnlyForDeploymentPostprocessing = 0;
		};
/* End PBXFrameworksBuildPhase section */

/* Begin PBXGroup section */
		B51E2A421EDC79DD00AECCAE = {
			isa = PBXGroup;
			children = (
				B51E2A4D1EDC79DD00AECCAE /* test4 */,
				B51E2A621EDC79DD00AECCAE /* test4Tests */,
				B51E2A6D1EDC79DE00AECCAE /* test4UITests */,
				B51E2A4C1EDC79DD00AECCAE /* Products */,
			);
			sourceTree = "<group>";
		};
		B51E2A4C1EDC79DD00AECCAE /* Products */ = {
			isa = PBXGroup;
			children = (
				B51E2A4B1EDC79DD00AECCAE /* test4.app */,
				B51E2A5F1EDC79DD00AECCAE /* test4Tests.xctest */,
				B51E2A6A1EDC79DE00AECCAE /* test4UITests.xctest */,
			);
			name = Products;
			sourceTree = "<group>";
		};
		B51E2A4D1EDC79DD00AECCAE /* test4 */ = {
			isa = PBXGroup;
			children = (
				B51E2A4E1EDC79DD00AECCAE /* AppDelegate.swift */,
				B51E2A501EDC79DD00AECCAE /* ViewController.swift */,
				B51E2A521EDC79DD00AECCAE /* Main.storyboard */,
				B51E2A551EDC79DD00AECCAE /* Assets.xcassets */,
				B51E2A571EDC79DD00AECCAE /* LaunchScreen.storyboard */,
				B51E2A5A1EDC79DD00AECCAE /* Info.plist */,
			);
			path = test4;
			sourceTree = "<group>";
		};
		B51E2A621EDC79DD00AECCAE /* test4Tests */ = {
			isa = PBXGroup;
			children = (
				B51E2A631EDC79DD00AECCAE /* test4Tests.swift */,
				B51E2A651EDC79DE00AECCAE /* Info.plist */,
			);
			path = test4Tests;
			sourceTree = "<group>";
		};
		B51E2A6D1EDC79DE00AECCAE /* test4UITests */ = {
			isa = PBXGroup;
			children = (
				B51E2A6E1EDC79DE00AECCAE /* test4UITests.swift */,
				B51E2A701EDC79DE00AECCAE /* Info.plist */,
			);
			path = test4UITests;
			sourceTree = "<group>";
		};
/* End PBXGroup section */

/* Begin PBXNativeTarget section */
		B51E2A4A1EDC79DD00AECCAE /* test4 */ = {
			isa = PBXNativeTarget;
			buildConfigurationList = B51E2A731EDC79DE00AECCAE /* Build configuration list for PBXNativeTarget "test4" */;
			buildPhases = (
				B51E2A471EDC79DD00AECCAE /* Sources */,
				B51E2A481EDC79DD00AECCAE /* Frameworks */,
				B51E2A491EDC79DD00AECCAE /* Resources */,
			);
			buildRules = (
			);
			dependencies = (
			);
			name = test4;
			productName = test4;
			productReference = B51E2A4B1EDC79DD00AECCAE /* test4.app */;
			productType = "com.apple.product-type.application";
		};
		B51E2A5E1EDC79DD00AECCAE /* test4Tests */ = {
			isa = PBXNativeTarget;
			buildConfigurationList = B51E2A761EDC79DE00AECCAE /* Build configuration list for PBXNativeTarget "test4Tests" */;
			buildPhases = (
				B51E2A5B1EDC79DD00AECCAE /* Sources */,
				B51E2A5C1EDC79DD00AECCAE /* Frameworks */,
				B51E2A5D1EDC79DD00AECCAE /* Resources */,
			);
			buildRules = (
			);
			dependencies = (
				B51E2A611EDC79DD00AECCAE /* PBXTargetDependency */,
			);
			name = test4Tests;
			productName = test4Tests;
			productReference = B51E2A5F1EDC79DD00AECCAE /* test4Tests.xctest */;
			productType = "com.apple.product-type.bundle.unit-test";
		};
		B51E2A691EDC79DE00AECCAE /* test4UITests */ = {
			isa = PBXNativeTarget;
			buildConfigurationList = B51E2A791EDC79DE00AECCAE /* Build configuration list for PBXNativeTarget "test4UITests" */;
			buildPhases = (
				B51E2A661EDC79DE00AECCAE /* Sources */,
				B51E2A671EDC79DE00AECCAE /* Frameworks */,
				B51E2A681EDC79DE00AECCAE /* Resources */,
			);
			buildRules = (
			);
			dependencies = (
				B51E2A6C1EDC79DE00AECCAE /* PBXTargetDependency */,
			);
			name = test4UITests;
			productName = test4UITests;
			productReference = B51E2A6A1EDC79DE00AECCAE /* test4UITests.xctest */;
			productType = "com.apple.product-type.bundle.ui-testing";
		};
/* End PBXNativeTarget section */

/* Begin PBXProject section */
		B51E2A431EDC79DD00AECCAE /* Project object */ = {
			isa = PBXProject;
			attributes = {
				LastSwiftUpdateCheck = 0830;
				LastUpgradeCheck = 0830;
				ORGANIZATIONNAME = com.litech;
				TargetAttributes = {
					B51E2A4A1EDC79DD00AECCAE = {
						CreatedOnToolsVersion = 8.3.2;
						DevelopmentTeam = 8B78P5RTN2;
						ProvisioningStyle = Automatic;
					};
					B51E2A5E1EDC79DD00AECCAE = {
						CreatedOnToolsVersion = 8.3.2;
						DevelopmentTeam = 8B78P5RTN2;
						ProvisioningStyle = Automatic;
						TestTargetID = B51E2A4A1EDC79DD00AECCAE;
					};
					B51E2A691EDC79DE00AECCAE = {
						CreatedOnToolsVersion = 8.3.2;
						DevelopmentTeam = 8B78P5RTN2;
						ProvisioningStyle = Automatic;
						TestTargetID = B51E2A4A1EDC79DD00AECCAE;
					};
				};
			};
			buildConfigurationList = B51E2A461EDC79DD00AECCAE /* Build configuration list for PBXProject "test4" */;
			compatibilityVersion = "Xcode 3.2";
			developmentRegion = English;
			hasScannedForEncodings = 0;
			knownRegions = (
				en,
				Base,
			);
			mainGroup = B51E2A421EDC79DD00AECCAE;
			productRefGroup = B51E2A4C1EDC79DD00AECCAE /* Products */;
			projectDirPath = "";
			projectRoot = "";
			targets = (
				B51E2A4A1EDC79DD00AECCAE /* test4 */,
				B51E2A5E1EDC79DD00AECCAE /* test4Tests */,
				B51E2A691EDC79DE00AECCAE /* test4UITests */,
			);
		};
/* End PBXProject section */

/* Begin PBXResourcesBuildPhase section */
		B51E2A491EDC79DD00AECCAE /* Resources */ = {
			isa = PBXResourcesBuildPhase;
			buildActionMask = 2147483647;
			files = (
				B51E2A591EDC79DD00AECCAE /* LaunchScreen.storyboard in Resources */,
				B51E2A561EDC79DD00AECCAE /* Assets.xcassets in Resources */,
				B51E2A541EDC79DD00AECCAE /* Main.storyboard in Resources */,
			);
			runOnlyForDeploymentPostprocessing = 0;
		};
		B51E2A5D1EDC79DD00AECCAE /* Resources */ = {
			isa = PBXResourcesBuildPhase;
			buildActionMask = 2147483647;
			files = (
			);
			runOnlyForDeploymentPostprocessing = 0;
		};
		B51E2A681EDC79DE00AECCAE /* Resources */ = {
			isa = PBXResourcesBuildPhase;
			buildActionMask = 2147483647;
			files = (
			);
			runOnlyForDeploymentPostprocessing = 0;
		};
/* End PBXResourcesBuildPhase section */

/* Begin PBXSourcesBuildPhase section */
		B51E2A471EDC79DD00AECCAE /* Sources */ = {
			isa = PBXSourcesBuildPhase;
			buildActionMask = 2147483647;
			files = (
				B51E2A511EDC79DD00AECCAE /* ViewController.swift in Sources */,
				B51E2A4F1EDC79DD00AECCAE /* AppDelegate.swift in Sources */,
			);
			runOnlyForDeploymentPostprocessing = 0;
		};
		B51E2A5B1EDC79DD00AECCAE /* Sources */ = {
			isa = PBXSourcesBuildPhase;
			buildActionMask = 2147483647;
			files = (
				B51E2A641EDC79DD00AECCAE /* test4Tests.swift in Sources */,
			);
			runOnlyForDeploymentPostprocessing = 0;
		};
		B51E2A661EDC79DE00AECCAE /* Sources */ = {
			isa = PBXSourcesBuildPhase;
			buildActionMask = 2147483647;
			files = (
				B51E2A6F1EDC79DE00AECCAE /* test4UITests.swift in Sources */,
			);
			runOnlyForDeploymentPostprocessing = 0;
		};
/* End PBXSourcesBuildPhase section */

/* Begin PBXTargetDependency section */
		B51E2A611EDC79DD00AECCAE /* PBXTargetDependency */ = {
			isa = PBXTargetDependency;
			target = B51E2A4A1EDC79DD00AECCAE /* test4 */;
			targetProxy = B51E2A601EDC79DD00AECCAE /* PBXContainerItemProxy */;
		};
		B51E2A6C1EDC79DE00AECCAE /* PBXTargetDependency */ = {
			isa = PBXTargetDependency;
			target = B51E2A4A1EDC79DD00AECCAE /* test4 */;
			targetProxy = B51E2A6B1EDC79DE00AECCAE /* PBXContainerItemProxy */;
		};
/* End PBXTargetDependency section */

/* Begin PBXVariantGroup section */
		B51E2A521EDC79DD00AECCAE /* Main.storyboard */ = {
			isa = PBXVariantGroup;
			children = (
				B51E2A531EDC79DD00AECCAE /* Base */,
			);
			name = Main.storyboard;
			sourceTree = "<group>";
		};
		B51E2A571EDC79DD00AECCAE /* LaunchScreen.storyboard */ = {
			isa = PBXVariantGroup;
			children = (
				B51E2A581EDC79DD00AECCAE /* Base */,
			);
			name = LaunchScreen.storyboard;
			sourceTree = "<group>";
		};
/* End PBXVariantGroup section */

/* Begin XCBuildConfiguration section */
		B51E2A711EDC79DE00AECCAE /* Debug */ = {
			isa = XCBuildConfiguration;
			buildSettings = {
				ALWAYS_SEARCH_USER_PATHS = NO;
				CLANG_ANALYZER_NONNULL = YES;
				CLANG_ANALYZER_NUMBER_OBJECT_CONVERSION = YES_AGGRESSIVE;
				CLANG_CXX_LANGUAGE_STANDARD = "gnu++0x";
				CLANG_CXX_LIBRARY = "libc++";
				CLANG_ENABLE_MODULES = YES;
				CLANG_ENABLE_OBJC_ARC = YES;
				CLANG_WARN_BOOL_CONVERSION = YES;
				CLANG_WARN_CONSTANT_CONVERSION = YES;
				CLANG_WARN_DIRECT_OBJC_ISA_USAGE = YES_ERROR;
				CLANG_WARN_DOCUMENTATION_COMMENTS = YES;
				CLANG_WARN_EMPTY_BODY = YES;
				CLANG_WARN_ENUM_CONVERSION = YES;
				CLANG_WARN_INFINITE_RECURSION = YES;
				CLANG_WARN_INT_CONVERSION = YES;
				CLANG_WARN_OBJC_ROOT_CLASS = YES_ERROR;
				CLANG_WARN_SUSPICIOUS_MOVE = YES;
				CLANG_WARN_UNREACHABLE_CODE = YES;
				CLANG_WARN__DUPLICATE_METHOD_MATCH = YES;
				"CODE_SIGN_IDENTITY[sdk=iphoneos*]" = "iPhone Developer";
				COPY_PHASE_STRIP = NO;
				DEBUG_INFORMATION_FORMAT = dwarf;
				ENABLE_STRICT_OBJC_MSGSEND = YES;
				ENABLE_TESTABILITY = YES;
				GCC_C_LANGUAGE_STANDARD = gnu99;
				GCC_DYNAMIC_NO_PIC = NO;
				GCC_NO_COMMON_BLOCKS = YES;
				GCC_OPTIMIZATION_LEVEL = 0;
				GCC_PREPROCESSOR_DEFINITIONS = (
					"DEBUG=1",
					"$(inherited)",
				);
				GCC_WARN_64_TO_32_BIT_CONVERSION = YES;
				GCC_WARN_ABOUT_RETURN_TYPE = YES_ERROR;
				GCC_WARN_UNDECLARED_SELECTOR = YES;
				GCC_WARN_UNINITIALIZED_AUTOS = YES_AGGRESSIVE;
				GCC_WARN_UNUSED_FUNCTION = YES;
				GCC_WARN_UNUSED_VARIABLE = YES;
				IPHONEOS_DEPLOYMENT_TARGET = 10.3;
				MTL_ENABLE_DEBUG_INFO = YES;
				ONLY_ACTIVE_ARCH = YES;
				SDKROOT = iphoneos;
				SWIFT_ACTIVE_COMPILATION_CONDITIONS = DEBUG;
				SWIFT_OPTIMIZATION_LEVEL = "-Onone";
			};
			name = Debug;
		};
		B51E2A721EDC79DE00AECCAE /* Release */ = {
			isa = XCBuildConfiguration;
			buildSettings = {
				ALWAYS_SEARCH_USER_PATHS = NO;
				CLANG_ANALYZER_NONNULL = YES;
				CLANG_ANALYZER_NUMBER_OBJECT_CONVERSION = YES_AGGRESSIVE;
				CLANG_CXX_LANGUAGE_STANDARD = "gnu++0x";
				CLANG_CXX_LIBRARY = "libc++";
				CLANG_ENABLE_MODULES = YES;
				CLANG_ENABLE_OBJC_ARC = YES;
				CLANG_WARN_BOOL_CONVERSION = YES;
				CLANG_WARN_CONSTANT_CONVERSION = YES;
				CLANG_WARN_DIRECT_OBJC_ISA_USAGE = YES_ERROR;
				CLANG_WARN_DOCUMENTATION_COMMENTS = YES;
				CLANG_WARN_EMPTY_BODY = YES;
				CLANG_WARN_ENUM_CONVERSION = YES;
				CLANG_WARN_INFINITE_RECURSION = YES;
				CLANG_WARN_INT_CONVERSION = YES;
				CLANG_WARN_OBJC_ROOT_CLASS = YES_ERROR;
				CLANG_WARN_SUSPICIOUS_MOVE = YES;
				CLANG_WARN_UNREACHABLE_CODE = YES;
				CLANG_WARN__DUPLICATE_METHOD_MATCH = YES;
				"CODE_SIGN_IDENTITY[sdk=iphoneos*]" = "iPhone Developer";
				COPY_PHASE_STRIP = NO;
				DEBUG_INFORMATION_FORMAT = "dwarf-with-dsym";
				ENABLE_NS_ASSERTIONS = NO;
				ENABLE_STRICT_OBJC_MSGSEND = YES;
				GCC_C_LANGUAGE_STANDARD = gnu99;
				GCC_NO_COMMON_BLOCKS = YES;
				GCC_WARN_64_TO_32_BIT_CONVERSION = YES;
				GCC_WARN_ABOUT_RETURN_TYPE = YES_ERROR;
				GCC_WARN_UNDECLARED_SELECTOR = YES;
				GCC_WARN_UNINITIALIZED_AUTOS = YES_AGGRESSIVE;
				GCC_WARN_UNUSED_FUNCTION = YES;
				GCC_WARN_UNUSED_VARIABLE = YES;
				IPHONEOS_DEPLOYMENT_TARGET = 10.3;
				MTL_ENABLE_DEBUG_INFO = NO;
				SDKROOT = iphoneos;
				SWIFT_OPTIMIZATION_LEVEL = "-Owholemodule";
				VALIDATE_PRODUCT = YES;
			};
			name = Release;
		};
		B51E2A741EDC79DE00AECCAE /* Debug */ = {
			isa = XCBuildConfiguration;
			buildSettings = {
				ASSETCATALOG_COMPILER_APPICON_NAME = AppIcon;
				DEVELOPMENT_TEAM = 8B78P5RTN2;
				INFOPLIST_FILE = test4/Info.plist;
				LD_RUNPATH_SEARCH_PATHS = "$(inherited) @executable_path/Frameworks";
				PRODUCT_BUNDLE_IDENTIFIER = com.nanako.test4;
				PRODUCT_NAME = "$(TARGET_NAME)";
				SWIFT_VERSION = 3.0;
			};
			name = Debug;
		};
		B51E2A751EDC79DE00AECCAE /* Release */ = {
			isa = XCBuildConfiguration;
			buildSettings = {
				ASSETCATALOG_COMPILER_APPICON_NAME = AppIcon;
				DEVELOPMENT_TEAM = 8B78P5RTN2;
				INFOPLIST_FILE = test4/Info.plist;
				LD_RUNPATH_SEARCH_PATHS = "$(inherited) @executable_path/Frameworks";
				PRODUCT_BUNDLE_IDENTIFIER = com.nanako.test4;
				PRODUCT_NAME = "$(TARGET_NAME)";
				SWIFT_VERSION = 3.0;
			};
			name = Release;
		};
		B51E2A771EDC79DE00AECCAE /* Debug */ = {
			isa = XCBuildConfiguration;
			buildSettings = {
				ALWAYS_EMBED_SWIFT_STANDARD_LIBRARIES = YES;
				BUNDLE_LOADER = "$(TEST_HOST)";
				DEVELOPMENT_TEAM = 8B78P5RTN2;
				INFOPLIST_FILE = test4Tests/Info.plist;
				LD_RUNPATH_SEARCH_PATHS = "$(inherited) @executable_path/Frameworks @loader_path/Frameworks";
				PRODUCT_BUNDLE_IDENTIFIER = com.nanako.test4Tests;
				PRODUCT_NAME = "$(TARGET_NAME)";
				SWIFT_VERSION = 3.0;
				TEST_HOST = "$(BUILT_PRODUCTS_DIR)/test4.app/test4";
			};
			name = Debug;
		};
		B51E2A781EDC79DE00AECCAE /* Release */ = {
			isa = XCBuildConfiguration;
			buildSettings = {
				ALWAYS_EMBED_SWIFT_STANDARD_LIBRARIES = YES;
				BUNDLE_LOADER = "$(TEST_HOST)";
				DEVELOPMENT_TEAM = 8B78P5RTN2;
				INFOPLIST_FILE = test4Tests/Info.plist;
				LD_RUNPATH_SEARCH_PATHS = "$(inherited) @executable_path/Frameworks @loader_path/Frameworks";
				PRODUCT_BUNDLE_IDENTIFIER = com.nanako.test4Tests;
				PRODUCT_NAME = "$(TARGET_NAME)";
				SWIFT_VERSION = 3.0;
				TEST_HOST = "$(BUILT_PRODUCTS_DIR)/test4.app/test4";
			};
			name = Release;
		};
		B51E2A7A1EDC79DE00AECCAE /* Debug */ = {
			isa = XCBuildConfiguration;
			buildSettings = {
				ALWAYS_EMBED_SWIFT_STANDARD_LIBRARIES = YES;
				DEVELOPMENT_TEAM = 8B78P5RTN2;
				INFOPLIST_FILE = test4UITests/Info.plist;
				LD_RUNPATH_SEARCH_PATHS = "$(inherited) @executable_path/Frameworks @loader_path/Frameworks";
				PRODUCT_BUNDLE_IDENTIFIER = com.nanako.test4UITests;
				PRODUCT_NAME = "$(TARGET_NAME)";
				SWIFT_VERSION = 3.0;
				TEST_TARGET_NAME = test4;
			};
			name = Debug;
		};
		B51E2A7B1EDC79DE00AECCAE /* Release */ = {
			isa = XCBuildConfiguration;
			buildSettings = {
				ALWAYS_EMBED_SWIFT_STANDARD_LIBRARIES = YES;
				DEVELOPMENT_TEAM = 8B78P5RTN2;
				INFOPLIST_FILE = test4UITests/Info.plist;
				LD_RUNPATH_SEARCH_PATHS = "$(inherited) @executable_path/Frameworks @loader_path/Frameworks";
				PRODUCT_BUNDLE_IDENTIFIER = com.nanako.test4UITests;
				PRODUCT_NAME = "$(TARGET_NAME)";
				SWIFT_VERSION = 3.0;
				TEST_TARGET_NAME = test4;
			};
			name = Release;
		};
/* End XCBuildConfiguration section */

/* Begin XCConfigurationList section */
		B51E2A461EDC79DD00AECCAE /* Build configuration list for PBXProject "test4" */ = {
			isa = XCConfigurationList;
			buildConfigurations = (
				B51E2A711EDC79DE00AECCAE /* Debug */,
				B51E2A721EDC79DE00AECCAE /* Release */,
			);
			defaultConfigurationIsVisible = 0;
			defaultConfigurationName = Release;
		};
		B51E2A731EDC79DE00AECCAE /* Build configuration list for PBXNativeTarget "test4" */ = {
			isa = XCConfigurationList;
			buildConfigurations = (
				B51E2A741EDC79DE00AECCAE /* Debug */,
				B51E2A751EDC79DE00AECCAE /* Release */,
			);
			defaultConfigurationIsVisible = 0;
		};
		B51E2A761EDC79DE00AECCAE /* Build configuration list for PBXNativeTarget "test4Tests" */ = {
			isa = XCConfigurationList;
			buildConfigurations = (
				B51E2A771EDC79DE00AECCAE /* Debug */,
				B51E2A781EDC79DE00AECCAE /* Release */,
			);
			defaultConfigurationIsVisible = 0;
		};
		B51E2A791EDC79DE00AECCAE /* Build configuration list for PBXNativeTarget "test4UITests" */ = {
			isa = XCConfigurationList;
			buildConfigurations = (
				B51E2A7A1EDC79DE00AECCAE /* Debug */,
				B51E2A7B1EDC79DE00AECCAE /* Release */,
			);
			defaultConfigurationIsVisible = 0;
		};
/* End XCConfigurationList section */
	};
	rootObject = B51E2A431EDC79DD00AECCAE /* Project object */;
}
